// !$*UTF8*$!
{
	archiveVersion = 1;
	classes = {
	};
	objectVersion = 55;
	objects = {

/* Begin PBXBuildFile section */
		81316F72288875830057D18F /* AppDelegate.swift in Sources */ = {isa = PBXBuildFile; fileRef = 81316F71288875830057D18F /* AppDelegate.swift */; };
		81316F74288875830057D18F /* SceneDelegate.swift in Sources */ = {isa = PBXBuildFile; fileRef = 81316F73288875830057D18F /* SceneDelegate.swift */; };
		81316F76288875830057D18F /* ViewController.swift in Sources */ = {isa = PBXBuildFile; fileRef = 81316F75288875830057D18F /* ViewController.swift */; };
		81316F79288875830057D18F /* Main.storyboard in Resources */ = {isa = PBXBuildFile; fileRef = 81316F77288875830057D18F /* Main.storyboard */; };
		81316F7B288875840057D18F /* Assets.xcassets in Resources */ = {isa = PBXBuildFile; fileRef = 81316F7A288875840057D18F /* Assets.xcassets */; };
		81316F7E288875840057D18F /* LaunchScreen.storyboard in Resources */ = {isa = PBXBuildFile; fileRef = 81316F7C288875840057D18F /* LaunchScreen.storyboard */; };
		81316F89288875840057D18F /* ArtTests.swift in Sources */ = {isa = PBXBuildFile; fileRef = 81316F88288875840057D18F /* ArtTests.swift */; };
		81316F93288875840057D18F /* ArtUITests.swift in Sources */ = {isa = PBXBuildFile; fileRef = 81316F92288875840057D18F /* ArtUITests.swift */; };
		81316F95288875840057D18F /* ArtUITestsLaunchTests.swift in Sources */ = {isa = PBXBuildFile; fileRef = 81316F94288875840057D18F /* ArtUITestsLaunchTests.swift */; };
/* End PBXBuildFile section */

/* Begin PBXContainerItemProxy section */
		81316F85288875840057D18F /* PBXContainerItemProxy */ = {
			isa = PBXContainerItemProxy;
			containerPortal = 81316F66288875830057D18F /* Project object */;
			proxyType = 1;
			remoteGlobalIDString = 81316F6D288875830057D18F;
			remoteInfo = Art;
		};
		81316F8F288875840057D18F /* PBXContainerItemProxy */ = {
			isa = PBXContainerItemProxy;
			containerPortal = 81316F66288875830057D18F /* Project object */;
			proxyType = 1;
			remoteGlobalIDString = 81316F6D288875830057D18F;
			remoteInfo = Art;
		};
/* End PBXContainerItemProxy section */

/* Begin PBXFileReference section */
		81316F6E288875830057D18F /* Art.app */ = {isa = PBXFileReference; explicitFileType = wrapper.application; includeInIndex = 0; path = Art.app; sourceTree = BUILT_PRODUCTS_DIR; };
		81316F71288875830057D18F /* AppDelegate.swift */ = {isa = PBXFileReference; lastKnownFileType = sourcecode.swift; path = AppDelegate.swift; sourceTree = "<group>"; };
		81316F73288875830057D18F /* SceneDelegate.swift */ = {isa = PBXFileReference; lastKnownFileType = sourcecode.swift; path = SceneDelegate.swift; sourceTree = "<group>"; };
		81316F75288875830057D18F /* ViewController.swift */ = {isa = PBXFileReference; lastKnownFileType = sourcecode.swift; path = ViewController.swift; sourceTree = "<group>"; };
		81316F78288875830057D18F /* Base */ = {isa = PBXFileReference; lastKnownFileType = file.storyboard; name = Base; path = Base.lproj/Main.storyboard; sourceTree = "<group>"; };
		81316F7A288875840057D18F /* Assets.xcassets */ = {isa = PBXFileReference; lastKnownFileType = folder.assetcatalog; path = Assets.xcassets; sourceTree = "<group>"; };
		81316F7D288875840057D18F /* Base */ = {isa = PBXFileReference; lastKnownFileType = file.storyboard; name = Base; path = Base.lproj/LaunchScreen.storyboard; sourceTree = "<group>"; };
		81316F7F288875840057D18F /* Info.plist */ = {isa = PBXFileReference; lastKnownFileType = text.plist.xml; path = Info.plist; sourceTree = "<group>"; };
		81316F84288875840057D18F /* ArtTests.xctest */ = {isa = PBXFileReference; explicitFileType = wrapper.cfbundle; includeInIndex = 0; path = ArtTests.xctest; sourceTree = BUILT_PRODUCTS_DIR; };
		81316F88288875840057D18F /* ArtTests.swift */ = {isa = PBXFileReference; lastKnownFileType = sourcecode.swift; path = ArtTests.swift; sourceTree = "<group>"; };
		81316F8E288875840057D18F /* ArtUITests.xctest */ = {isa = PBXFileReference; explicitFileType = wrapper.cfbundle; includeInIndex = 0; path = ArtUITests.xctest; sourceTree = BUILT_PRODUCTS_DIR; };
		81316F92288875840057D18F /* ArtUITests.swift */ = {isa = PBXFileReference; lastKnownFileType = sourcecode.swift; path = ArtUITests.swift; sourceTree = "<group>"; };
		81316F94288875840057D18F /* ArtUITestsLaunchTests.swift */ = {isa = PBXFileReference; lastKnownFileType = sourcecode.swift; path = ArtUITestsLaunchTests.swift; sourceTree = "<group>"; };
/* End PBXFileReference section */

/* Begin PBXFrameworksBuildPhase section */
		81316F6B288875830057D18F /* Frameworks */ = {
			isa = PBXFrameworksBuildPhase;
			buildActionMask = 2147483647;
			files = (
			);
			runOnlyForDeploymentPostprocessing = 0;
		};
		81316F81288875840057D18F /* Frameworks */ = {
			isa = PBXFrameworksBuildPhase;
			buildActionMask = 2147483647;
			files = (
			);
			runOnlyForDeploymentPostprocessing = 0;
		};
		81316F8B288875840057D18F /* Frameworks */ = {
			isa = PBXFrameworksBuildPhase;
			buildActionMask = 2147483647;
			files = (
			);
			runOnlyForDeploymentPostprocessing = 0;
		};
/* End PBXFrameworksBuildPhase section */

/* Begin PBXGroup section */
		81316F65288875830057D18F = {
			isa = PBXGroup;
			children = (
				81316F70288875830057D18F /* Art */,
				81316F87288875840057D18F /* ArtTests */,
				81316F91288875840057D18F /* ArtUITests */,
				81316F6F288875830057D18F /* Products */,
			);
			sourceTree = "<group>";
		};
		81316F6F288875830057D18F /* Products */ = {
			isa = PBXGroup;
			children = (
				81316F6E288875830057D18F /* Art.app */,
				81316F84288875840057D18F /* ArtTests.xctest */,
				81316F8E288875840057D18F /* ArtUITests.xctest */,
			);
			name = Products;
			sourceTree = "<group>";
		};
		81316F70288875830057D18F /* Art */ = {
			isa = PBXGroup;
			children = (
				81316F71288875830057D18F /* AppDelegate.swift */,
				81316F73288875830057D18F /* SceneDelegate.swift */,
				81316F75288875830057D18F /* ViewController.swift */,
				81316F77288875830057D18F /* Main.storyboard */,
				81316F7A288875840057D18F /* Assets.xcassets */,
				81316F7C288875840057D18F /* LaunchScreen.storyboard */,
				81316F7F288875840057D18F /* Info.plist */,
			);
			path = Art;
			sourceTree = "<group>";
		};
		81316F87288875840057D18F /* ArtTests */ = {
			isa = PBXGroup;
			children = (
				81316F88288875840057D18F /* ArtTests.swift */,
			);
			path = ArtTests;
			sourceTree = "<group>";
		};
		81316F91288875840057D18F /* ArtUITests */ = {
			isa = PBXGroup;
			children = (
				81316F92288875840057D18F /* ArtUITests.swift */,
				81316F94288875840057D18F /* ArtUITestsLaunchTests.swift */,
			);
			path = ArtUITests;
			sourceTree = "<group>";
		};
/* End PBXGroup section */

/* Begin PBXNativeTarget section */
		81316F6D288875830057D18F /* Art */ = {
			isa = PBXNativeTarget;
			buildConfigurationList = 81316F98288875840057D18F /* Build configuration list for PBXNativeTarget "Art" */;
			buildPhases = (
				81316F6A288875830057D18F /* Sources */,
				81316F6B288875830057D18F /* Frameworks */,
				81316F6C288875830057D18F /* Resources */,
			);
			buildRules = (
			);
			dependencies = (
			);
			name = Art;
			productName = Art;
			productReference = 81316F6E288875830057D18F /* Art.app */;
			productType = "com.apple.product-type.application";
		};
		81316F83288875840057D18F /* ArtTests */ = {
			isa = PBXNativeTarget;
			buildConfigurationList = 81316F9B288875840057D18F /* Build configuration list for PBXNativeTarget "ArtTests" */;
			buildPhases = (
				81316F80288875840057D18F /* Sources */,
				81316F81288875840057D18F /* Frameworks */,
				81316F82288875840057D18F /* Resources */,
			);
			buildRules = (
			);
			dependencies = (
				81316F86288875840057D18F /* PBXTargetDependency */,
			);
			name = ArtTests;
			productName = ArtTests;
			productReference = 81316F84288875840057D18F /* ArtTests.xctest */;
			productType = "com.apple.product-type.bundle.unit-test";
		};
		81316F8D288875840057D18F /* ArtUITests */ = {
			isa = PBXNativeTarget;
			buildConfigurationList = 81316F9E288875840057D18F /* Build configuration list for PBXNativeTarget "ArtUITests" */;
			buildPhases = (
				81316F8A288875840057D18F /* Sources */,
				81316F8B288875840057D18F /* Frameworks */,
				81316F8C288875840057D18F /* Resources */,
			);
			buildRules = (
			);
			dependencies = (
				81316F90288875840057D18F /* PBXTargetDependency */,
			);
			name = ArtUITests;
			productName = ArtUITests;
			productReference = 81316F8E288875840057D18F /* ArtUITests.xctest */;
			productType = "com.apple.product-type.bundle.ui-testing";
		};
/* End PBXNativeTarget section */

/* Begin PBXProject section */
		81316F66288875830057D18F /* Project object */ = {
			isa = PBXProject;
			attributes = {
				BuildIndependentTargetsInParallel = 1;
				LastSwiftUpdateCheck = 1330;
				LastUpgradeCheck = 1330;
				TargetAttributes = {
					81316F6D288875830057D18F = {
						CreatedOnToolsVersion = 13.3.1;
					};
					81316F83288875840057D18F = {
						CreatedOnToolsVersion = 13.3.1;
						TestTargetID = 81316F6D288875830057D18F;
					};
					81316F8D288875840057D18F = {
						CreatedOnToolsVersion = 13.3.1;
						TestTargetID = 81316F6D288875830057D18F;
					};
				};
			};
			buildConfigurationList = 81316F69288875830057D18F /* Build configuration list for PBXProject "Art" */;
			compatibilityVersion = "Xcode 13.0";
			developmentRegion = en;
			hasScannedForEncodings = 0;
			knownRegions = (
				en,
				Base,
			);
			mainGroup = 81316F65288875830057D18F;
			productRefGroup = 81316F6F288875830057D18F /* Products */;
			projectDirPath = "";
			projectRoot = "";
			targets = (
				81316F6D288875830057D18F /* Art */,
				81316F83288875840057D18F /* ArtTests */,
				81316F8D288875840057D18F /* ArtUITests */,
			);
		};
/* End PBXProject section */

/* Begin PBXResourcesBuildPhase section */
		81316F6C288875830057D18F /* Resources */ = {
			isa = PBXResourcesBuildPhase;
			buildActionMask = 2147483647;
			files = (
				81316F7E288875840057D18F /* LaunchScreen.storyboard in Resources */,
				81316F7B288875840057D18F /* Assets.xcassets in Resources */,
				81316F79288875830057D18F /* Main.storyboard in Resources */,
			);
			runOnlyForDeploymentPostprocessing = 0;
		};
		81316F82288875840057D18F /* Resources */ = {
			isa = PBXResourcesBuildPhase;
			buildActionMask = 2147483647;
			files = (
			);
			runOnlyForDeploymentPostprocessing = 0;
		};
		81316F8C288875840057D18F /* Resources */ = {
			isa = PBXResourcesBuildPhase;
			buildActionMask = 2147483647;
			files = (
			);
			runOnlyForDeploymentPostprocessing = 0;
		};
/* End PBXResourcesBuildPhase section */

/* Begin PBXSourcesBuildPhase section */
		81316F6A288875830057D18F /* Sources */ = {
			isa = PBXSourcesBuildPhase;
			buildActionMask = 2147483647;
			files = (
				81316F76288875830057D18F /* ViewController.swift in Sources */,
				81316F72288875830057D18F /* AppDelegate.swift in Sources */,
				81316F74288875830057D18F /* SceneDelegate.swift in Sources */,
			);
			runOnlyForDeploymentPostprocessing = 0;
		};
		81316F80288875840057D18F /* Sources */ = {
			isa = PBXSourcesBuildPhase;
			buildActionMask = 2147483647;
			files = (
				81316F89288875840057D18F /* ArtTests.swift in Sources */,
			);
			runOnlyForDeploymentPostprocessing = 0;
		};
		81316F8A288875840057D18F /* Sources */ = {
			isa = PBXSourcesBuildPhase;
			buildActionMask = 2147483647;
			files = (
				81316F95288875840057D18F /* ArtUITestsLaunchTests.swift in Sources */,
				81316F93288875840057D18F /* ArtUITests.swift in Sources */,
			);
			runOnlyForDeploymentPostprocessing = 0;
		};
/* End PBXSourcesBuildPhase section */

/* Begin PBXTargetDependency section */
		81316F86288875840057D18F /* PBXTargetDependency */ = {
			isa = PBXTargetDependency;
			target = 81316F6D288875830057D18F /* Art */;
			targetProxy = 81316F85288875840057D18F /* PBXContainerItemProxy */;
		};
		81316F90288875840057D18F /* PBXTargetDependency */ = {
			isa = PBXTargetDependency;
			target = 81316F6D288875830057D18F /* Art */;
			targetProxy = 81316F8F288875840057D18F /* PBXContainerItemProxy */;
		};
/* End PBXTargetDependency section */

/* Begin PBXVariantGroup section */
		81316F77288875830057D18F /* Main.storyboard */ = {
			isa = PBXVariantGroup;
			children = (
				81316F78288875830057D18F /* Base */,
			);
			name = Main.storyboard;
			sourceTree = "<group>";
		};
		81316F7C288875840057D18F /* LaunchScreen.storyboard */ = {
			isa = PBXVariantGroup;
			children = (
				81316F7D288875840057D18F /* Base */,
			);
			name = LaunchScreen.storyboard;
			sourceTree = "<group>";
		};
/* End PBXVariantGroup section */

/* Begin XCBuildConfiguration section */
		81316F96288875840057D18F /* Debug */ = {
			isa = XCBuildConfiguration;
			buildSettings = {
				ALWAYS_SEARCH_USER_PATHS = NO;
				CLANG_ANALYZER_NONNULL = YES;
				CLANG_ANALYZER_NUMBER_OBJECT_CONVERSION = YES_AGGRESSIVE;
				CLANG_CXX_LANGUAGE_STANDARD = "gnu++17";
				CLANG_ENABLE_MODULES = YES;
				CLANG_ENABLE_OBJC_ARC = YES;
				CLANG_ENABLE_OBJC_WEAK = YES;
				CLANG_WARN_BLOCK_CAPTURE_AUTORELEASING = YES;
				CLANG_WARN_BOOL_CONVERSION = YES;
				CLANG_WARN_COMMA = YES;
				CLANG_WARN_CONSTANT_CONVERSION = YES;
				CLANG_WARN_DEPRECATED_OBJC_IMPLEMENTATIONS = YES;
				CLANG_WARN_DIRECT_OBJC_ISA_USAGE = YES_ERROR;
				CLANG_WARN_DOCUMENTATION_COMMENTS = YES;
				CLANG_WARN_EMPTY_BODY = YES;
				CLANG_WARN_ENUM_CONVERSION = YES;
				CLANG_WARN_INFINITE_RECURSION = YES;
				CLANG_WARN_INT_CONVERSION = YES;
				CLANG_WARN_NON_LITERAL_NULL_CONVERSION = YES;
				CLANG_WARN_OBJC_IMPLICIT_RETAIN_SELF = YES;
				CLANG_WARN_OBJC_LITERAL_CONVERSION = YES;
				CLANG_WARN_OBJC_ROOT_CLASS = YES_ERROR;
				CLANG_WARN_QUOTED_INCLUDE_IN_FRAMEWORK_HEADER = YES;
				CLANG_WARN_RANGE_LOOP_ANALYSIS = YES;
				CLANG_WARN_STRICT_PROTOTYPES = YES;
				CLANG_WARN_SUSPICIOUS_MOVE = YES;
				CLANG_WARN_UNGUARDED_AVAILABILITY = YES_AGGRESSIVE;
				CLANG_WARN_UNREACHABLE_CODE = YES;
				CLANG_WARN__DUPLICATE_METHOD_MATCH = YES;
				COPY_PHASE_STRIP = NO;
				DEBUG_INFORMATION_FORMAT = dwarf;
				ENABLE_STRICT_OBJC_MSGSEND = YES;
				ENABLE_TESTABILITY = YES;
				GCC_C_LANGUAGE_STANDARD = gnu11;
				GCC_DYNAMIC_NO_PIC = NO;
				GCC_NO_COMMON_BLOCKS = YES;
				GCC_OPTIMIZATION_LEVEL = 0;
				GCC_PREPROCESSOR_DEFINITIONS = (
					"DEBUG=1",
					"$(inherited)",
				);
				GCC_WARN_64_TO_32_BIT_CONVERSION = YES;
				GCC_WARN_ABOUT_RETURN_TYPE = YES_ERROR;
				GCC_WARN_UNDECLARED_SELECTOR = YES;
				GCC_WARN_UNINITIALIZED_AUTOS = YES_AGGRESSIVE;
				GCC_WARN_UNUSED_FUNCTION = YES;
				GCC_WARN_UNUSED_VARIABLE = YES;
				IPHONEOS_DEPLOYMENT_TARGET = 15.4;
				MTL_ENABLE_DEBUG_INFO = INCLUDE_SOURCE;
				MTL_FAST_MATH = YES;
				ONLY_ACTIVE_ARCH = YES;
				SDKROOT = iphoneos;
				SWIFT_ACTIVE_COMPILATION_CONDITIONS = DEBUG;
				SWIFT_OPTIMIZATION_LEVEL = "-Onone";
			};
			name = Debug;
		};
		81316F97288875840057D18F /* Release */ = {
			isa = XCBuildConfiguration;
			buildSettings = {
				ALWAYS_SEARCH_USER_PATHS = NO;
				CLANG_ANALYZER_NONNULL = YES;
				CLANG_ANALYZER_NUMBER_OBJECT_CONVERSION = YES_AGGRESSIVE;
				CLANG_CXX_LANGUAGE_STANDARD = "gnu++17";
				CLANG_ENABLE_MODULES = YES;
				CLANG_ENABLE_OBJC_ARC = YES;
				CLANG_ENABLE_OBJC_WEAK = YES;
				CLANG_WARN_BLOCK_CAPTURE_AUTORELEASING = YES;
				CLANG_WARN_BOOL_CONVERSION = YES;
				CLANG_WARN_COMMA = YES;
				CLANG_WARN_CONSTANT_CONVERSION = YES;
				CLANG_WARN_DEPRECATED_OBJC_IMPLEMENTATIONS = YES;
				CLANG_WARN_DIRECT_OBJC_ISA_USAGE = YES_ERROR;
				CLANG_WARN_DOCUMENTATION_COMMENTS = YES;
				CLANG_WARN_EMPTY_BODY = YES;
				CLANG_WARN_ENUM_CONVERSION = YES;
				CLANG_WARN_INFINITE_RECURSION = YES;
				CLANG_WARN_INT_CONVERSION = YES;
				CLANG_WARN_NON_LITERAL_NULL_CONVERSION = YES;
				CLANG_WARN_OBJC_IMPLICIT_RETAIN_SELF = YES;
				CLANG_WARN_OBJC_LITERAL_CONVERSION = YES;
				CLANG_WARN_OBJC_ROOT_CLASS = YES_ERROR;
				CLANG_WARN_QUOTED_INCLUDE_IN_FRAMEWORK_HEADER = YES;
				CLANG_WARN_RANGE_LOOP_ANALYSIS = YES;
				CLANG_WARN_STRICT_PROTOTYPES = YES;
				CLANG_WARN_SUSPICIOUS_MOVE = YES;
				CLANG_WARN_UNGUARDED_AVAILABILITY = YES_AGGRESSIVE;
				CLANG_WARN_UNREACHABLE_CODE = YES;
				CLANG_WARN__DUPLICATE_METHOD_MATCH = YES;
				COPY_PHASE_STRIP = NO;
				DEBUG_INFORMATION_FORMAT = "dwarf-with-dsym";
				ENABLE_NS_ASSERTIONS = NO;
				ENABLE_STRICT_OBJC_MSGSEND = YES;
				GCC_C_LANGUAGE_STANDARD = gnu11;
				GCC_NO_COMMON_BLOCKS = YES;
				GCC_WARN_64_TO_32_BIT_CONVERSION = YES;
				GCC_WARN_ABOUT_RETURN_TYPE = YES_ERROR;
				GCC_WARN_UNDECLARED_SELECTOR = YES;
				GCC_WARN_UNINITIALIZED_AUTOS = YES_AGGRESSIVE;
				GCC_WARN_UNUSED_FUNCTION = YES;
				GCC_WARN_UNUSED_VARIABLE = YES;
				IPHONEOS_DEPLOYMENT_TARGET = 15.4;
				MTL_ENABLE_DEBUG_INFO = NO;
				MTL_FAST_MATH = YES;
				SDKROOT = iphoneos;
				SWIFT_COMPILATION_MODE = wholemodule;
				SWIFT_OPTIMIZATION_LEVEL = "-O";
				VALIDATE_PRODUCT = YES;
			};
			name = Release;
		};
		81316F99288875840057D18F /* Debug */ = {
			isa = XCBuildConfiguration;
			buildSettings = {
				ASSETCATALOG_COMPILER_APPICON_NAME = AppIcon;
				ASSETCATALOG_COMPILER_GLOBAL_ACCENT_COLOR_NAME = AccentColor;
				CODE_SIGN_STYLE = Automatic;
				CURRENT_PROJECT_VERSION = 1;
				DEVELOPMENT_TEAM = JQPK9L84RR;
				GENERATE_INFOPLIST_FILE = YES;
				INFOPLIST_FILE = Art/Info.plist;
				INFOPLIST_KEY_UIApplicationSupportsIndirectInputEvents = YES;
				INFOPLIST_KEY_UILaunchStoryboardName = LaunchScreen;
				INFOPLIST_KEY_UIMainStoryboardFile = Main;
				INFOPLIST_KEY_UISupportedInterfaceOrientations_iPad = "UIInterfaceOrientationPortrait UIInterfaceOrientationPortraitUpsideDown UIInterfaceOrientationLandscapeLeft UIInterfaceOrientationLandscapeRight";
				INFOPLIST_KEY_UISupportedInterfaceOrientations_iPhone = "UIInterfaceOrientationPortrait UIInterfaceOrientationLandscapeLeft UIInterfaceOrientationLandscapeRight";
				LD_RUNPATH_SEARCH_PATHS = (
					"$(inherited)",
					"@executable_path/Frameworks",
				);
				MARKETING_VERSION = 1.0;
				PRODUCT_BUNDLE_IDENTIFIER = zhigulyaka.Art;
				PRODUCT_NAME = "$(TARGET_NAME)";
				SWIFT_EMIT_LOC_STRINGS = YES;
				SWIFT_VERSION = 5.0;
				TARGETED_DEVICE_FAMILY = "1,2";
			};
			name = Debug;
		};
		81316F9A288875840057D18F /* Release */ = {
			isa = XCBuildConfiguration;
			buildSettings = {
				ASSETCATALOG_COMPILER_APPICON_NAME = AppIcon;
				ASSETCATALOG_COMPILER_GLOBAL_ACCENT_COLOR_NAME = AccentColor;
				CODE_SIGN_STYLE = Automatic;
				CURRENT_PROJECT_VERSION = 1;
				DEVELOPMENT_TEAM = JQPK9L84RR;
				GENERATE_INFOPLIST_FILE = YES;
				INFOPLIST_FILE = Art/Info.plist;
				INFOPLIST_KEY_UIApplicationSupportsIndirectInputEvents = YES;
				INFOPLIST_KEY_UILaunchStoryboardName = LaunchScreen;
				INFOPLIST_KEY_UIMainStoryboardFile = Main;
				INFOPLIST_KEY_UISupportedInterfaceOrientations_iPad = "UIInterfaceOrientationPortrait UIInterfaceOrientationPortraitUpsideDown UIInterfaceOrientationLandscapeLeft UIInterfaceOrientationLandscapeRight";
				INFOPLIST_KEY_UISupportedInterfaceOrientations_iPhone = "UIInterfaceOrientationPortrait UIInterfaceOrientationLandscapeLeft UIInterfaceOrientationLandscapeRight";
				LD_RUNPATH_SEARCH_PATHS = (
					"$(inherited)",
					"@executable_path/Frameworks",
				);
				MARKETING_VERSION = 1.0;
				PRODUCT_BUNDLE_IDENTIFIER = zhigulyaka.Art;
				PRODUCT_NAME = "$(TARGET_NAME)";
				SWIFT_EMIT_LOC_STRINGS = YES;
				SWIFT_VERSION = 5.0;
				TARGETED_DEVICE_FAMILY = "1,2";
			};
			name = Release;
		};
		81316F9C288875840057D18F /* Debug */ = {
			isa = XCBuildConfiguration;
			buildSettings = {
				ALWAYS_EMBED_SWIFT_STANDARD_LIBRARIES = YES;
				BUNDLE_LOADER = "$(TEST_HOST)";
				CODE_SIGN_STYLE = Automatic;
				CURRENT_PROJECT_VERSION = 1;
				DEVELOPMENT_TEAM = JQPK9L84RR;
				GENERATE_INFOPLIST_FILE = YES;
				IPHONEOS_DEPLOYMENT_TARGET = 15.4;
				MARKETING_VERSION = 1.0;
				PRODUCT_BUNDLE_IDENTIFIER = zhigulyaka.ArtTests;
				PRODUCT_NAME = "$(TARGET_NAME)";
				SWIFT_EMIT_LOC_STRINGS = NO;
				SWIFT_VERSION = 5.0;
				TARGETED_DEVICE_FAMILY = "1,2";
				TEST_HOST = "$(BUILT_PRODUCTS_DIR)/Art.app/Art";
			};
			name = Debug;
		};
		81316F9D288875840057D18F /* Release */ = {
			isa = XCBuildConfiguration;
			buildSettings = {
				ALWAYS_EMBED_SWIFT_STANDARD_LIBRARIES = YES;
				BUNDLE_LOADER = "$(TEST_HOST)";
				CODE_SIGN_STYLE = Automatic;
				CURRENT_PROJECT_VERSION = 1;
				DEVELOPMENT_TEAM = JQPK9L84RR;
				GENERATE_INFOPLIST_FILE = YES;
				IPHONEOS_DEPLOYMENT_TARGET = 15.4;
				MARKETING_VERSION = 1.0;
				PRODUCT_BUNDLE_IDENTIFIER = zhigulyaka.ArtTests;
				PRODUCT_NAME = "$(TARGET_NAME)";
				SWIFT_EMIT_LOC_STRINGS = NO;
				SWIFT_VERSION = 5.0;
				TARGETED_DEVICE_FAMILY = "1,2";
				TEST_HOST = "$(BUILT_PRODUCTS_DIR)/Art.app/Art";
			};
			name = Release;
		};
		81316F9F288875840057D18F /* Debug */ = {
			isa = XCBuildConfiguration;
			buildSettings = {
				ALWAYS_EMBED_SWIFT_STANDARD_LIBRARIES = YES;
				CODE_SIGN_STYLE = Automatic;
				CURRENT_PROJECT_VERSION = 1;
				DEVELOPMENT_TEAM = JQPK9L84RR;
				GENERATE_INFOPLIST_FILE = YES;
				MARKETING_VERSION = 1.0;
				PRODUCT_BUNDLE_IDENTIFIER = zhigulyaka.ArtUITests;
				PRODUCT_NAME = "$(TARGET_NAME)";
				SWIFT_EMIT_LOC_STRINGS = NO;
				SWIFT_VERSION = 5.0;
				TARGETED_DEVICE_FAMILY = "1,2";
				TEST_TARGET_NAME = Art;
			};
			name = Debug;
		};
		81316FA0288875840057D18F /* Release */ = {
			isa = XCBuildConfiguration;
			buildSettings = {
				ALWAYS_EMBED_SWIFT_STANDARD_LIBRARIES = YES;
				CODE_SIGN_STYLE = Automatic;
				CURRENT_PROJECT_VERSION = 1;
				DEVELOPMENT_TEAM = JQPK9L84RR;
				GENERATE_INFOPLIST_FILE = YES;
				MARKETING_VERSION = 1.0;
				PRODUCT_BUNDLE_IDENTIFIER = zhigulyaka.ArtUITests;
				PRODUCT_NAME = "$(TARGET_NAME)";
				SWIFT_EMIT_LOC_STRINGS = NO;
				SWIFT_VERSION = 5.0;
				TARGETED_DEVICE_FAMILY = "1,2";
				TEST_TARGET_NAME = Art;
			};
			name = Release;
		};
/* End XCBuildConfiguration section */

/* Begin XCConfigurationList section */
		81316F69288875830057D18F /* Build configuration list for PBXProject "Art" */ = {
			isa = XCConfigurationList;
			buildConfigurations = (
				81316F96288875840057D18F /* Debug */,
				81316F97288875840057D18F /* Release */,
			);
			defaultConfigurationIsVisible = 0;
			defaultConfigurationName = Release;
		};
		81316F98288875840057D18F /* Build configuration list for PBXNativeTarget "Art" */ = {
			isa = XCConfigurationList;
			buildConfigurations = (
				81316F99288875840057D18F /* Debug */,
				81316F9A288875840057D18F /* Release */,
			);
			defaultConfigurationIsVisible = 0;
			defaultConfigurationName = Release;
		};
		81316F9B288875840057D18F /* Build configuration list for PBXNativeTarget "ArtTests" */ = {
			isa = XCConfigurationList;
			buildConfigurations = (
				81316F9C288875840057D18F /* Debug */,
				81316F9D288875840057D18F /* Release */,
			);
			defaultConfigurationIsVisible = 0;
			defaultConfigurationName = Release;
		};
		81316F9E288875840057D18F /* Build configuration list for PBXNativeTarget "ArtUITests" */ = {
			isa = XCConfigurationList;
			buildConfigurations = (
				81316F9F288875840057D18F /* Debug */,
				81316FA0288875840057D18F /* Release */,
			);
			defaultConfigurationIsVisible = 0;
			defaultConfigurationName = Release;
		};
/* End XCConfigurationList section */
	};
	rootObject = 81316F66288875830057D18F /* Project object */;
}
